<?xml version="1.0" encoding="utf-8"?>
<Project ToolsVersion="4.0" xmlns="http://schemas.microsoft.com/developer/msbuild/2003">
  <ItemGroup>
    <Filter Include="Source Files">
      <UniqueIdentifier>{4FC737F1-C7A5-4376-A066-2A32D752A2FF}</UniqueIdentifier>
      <Extensions>cpp;c;cc;cxx;c++;cppm;ixx;def;odl;idl;hpj;bat;asm;asmx</Extensions>
    </Filter>
    <Filter Include="Header Files">
      <UniqueIdentifier>{93995380-89BD-4b04-88EB-625FBE52EBFB}</UniqueIdentifier>
      <Extensions>h;hh;hpp;hxx;h++;hm;inl;inc;ipp;xsd</Extensions>
    </Filter>
    <Filter Include="Resource Files">
      <UniqueIdentifier>{67DA6AB6-F800-4c08-8B7A-83BB121AAD01}</UniqueIdentifier>
      <Extensions>rc;ico;cur;bmp;dlg;rc2;rct;bin;rgs;gif;jpg;jpeg;jpe;resx;tiff;tif;png;wav;mfcribbon-ms</Extensions>
    </Filter>
    <Filter Include="Header Files\Nodes">
      <UniqueIdentifier>{139a1d6e-87dc-44da-81c7-93979a802b06}</UniqueIdentifier>
    </Filter>
    <Filter Include="Header Files\Elements">
      <UniqueIdentifier>{36bdde72-4798-4fcc-a0bd-a50612637074}</UniqueIdentifier>
    </Filter>
    <Filter Include="Header Files\Components">
      <UniqueIdentifier>{f375f77c-8d32-460c-82b7-379e76680177}</UniqueIdentifier>
    </Filter>
    <Filter Include="Source Files\Elements">
      <UniqueIdentifier>{1913a1ba-b93b-4288-a9e6-44a9ebd99096}</UniqueIdentifier>
    </Filter>
    <Filter Include="Source Files\Components">
      <UniqueIdentifier>{b694b477-b0fe-4762-a961-3b0c94079975}</UniqueIdentifier>
    </Filter>
    <Filter Include="Source Files\Nodes">
      <UniqueIdentifier>{ac6b6978-20d5-46df-9a52-d295e633bc06}</UniqueIdentifier>
    </Filter>
    <Filter Include="Source Files\DataStructs">
      <UniqueIdentifier>{804b10e1-a7e9-4cd6-89d3-c063ae606dfc}</UniqueIdentifier>
    </Filter>
    <Filter Include="Header Files\DataStructs">
      <UniqueIdentifier>{9b3de615-4425-4ca9-880a-5c1f29c545a1}</UniqueIdentifier>
    </Filter>
  </ItemGroup>
  <ItemGroup>
    <ClCompile Include="src\Control.cpp">
      <Filter>Source Files</Filter>
    </ClCompile>
    <ClCompile Include="src\EngineCore.cpp">
      <Filter>Source Files</Filter>
    </ClCompile>
    <ClCompile Include="src\Global.cpp">
      <Filter>Source Files</Filter>
    </ClCompile>
    <ClCompile Include="src\Main.cpp">
      <Filter>Source Files</Filter>
    </ClCompile>
    <ClCompile Include="src\MainLoop.cpp">
      <Filter>Source Files</Filter>
    </ClCompile>
    <ClCompile Include="src\Types.cpp">
      <Filter>Source Files</Filter>
    </ClCompile>
    <ClCompile Include="src\Nodes\Actor.cpp">
      <Filter>Source Files\Nodes</Filter>
    </ClCompile>
    <ClCompile Include="src\Nodes\Cursors.cpp">
      <Filter>Source Files\Nodes</Filter>
    </ClCompile>
    <ClCompile Include="src\Nodes\Nodes.cpp">
      <Filter>Source Files\Nodes</Filter>
    </ClCompile>
    <ClCompile Include="src\Nodes\TileMap.cpp">
      <Filter>Source Files\Nodes</Filter>
    </ClCompile>
    <ClCompile Include="src\Elements\Elements.cpp">
      <Filter>Source Files\Components</Filter>
    </ClCompile>
    <ClCompile Include="src\Components\BasicComponents.cpp">
      <Filter>Source Files\Components</Filter>
    </ClCompile>
    <ClCompile Include="src\Elements\CollisionPhysics.cpp">
      <Filter>Source Files\Elements</Filter>
    </ClCompile>
    <ClCompile Include="src\DataStructures\DataStructures.cpp">
      <Filter>Source Files\DataStructs</Filter>
    </ClCompile>
    <ClCompile Include="src\DataStructures\ControlJournal.cpp">
      <Filter>Source Files\DataStructs</Filter>
    </ClCompile>
    <ClCompile Include="src\Elements\ButtonEntries.cpp">
      <Filter>Source Files\Elements</Filter>
    </ClCompile>
    <ClCompile Include="src\Elements\Func.cpp">
      <Filter>Source Files\Elements</Filter>
    </ClCompile>
    <ClCompile Include="src\DataStructures\RootMacroPanel.cpp">
      <Filter>Source Files\DataStructs</Filter>
    </ClCompile>
    <ClCompile Include="src\DataStructures\ResourceRepository.cpp">
      <Filter>Source Files\DataStructs</Filter>
    </ClCompile>
  </ItemGroup>
  <ItemGroup>
    <ClInclude Include="header\BallEngine\AllObjects.h">
      <Filter>Header Files</Filter>
    </ClInclude>
    <ClInclude Include="header\BallEngine\Classes.h">
      <Filter>Header Files</Filter>
    </ClInclude>
    <ClInclude Include="header\BallEngine\Control.h">
      <Filter>Header Files</Filter>
    </ClInclude>
    <ClInclude Include="header\BallEngine\Debug.h">
      <Filter>Header Files</Filter>
    </ClInclude>
    <ClInclude Include="header\BallEngine\EngineCore.h">
      <Filter>Header Files</Filter>
    </ClInclude>
    <ClInclude Include="header\BallEngine\ExternalLibs.h">
      <Filter>Header Files</Filter>
    </ClInclude>
    <ClInclude Include="header\BallEngine\Global.h">
      <Filter>Header Files</Filter>
    </ClInclude>
    <ClInclude Include="header\BallEngine\resource.h">
      <Filter>Header Files</Filter>
    </ClInclude>
    <ClInclude Include="header\BallEngine\Types.h">
      <Filter>Header Files</Filter>
    </ClInclude>
    <ClInclude Include="header\BallEngine\Nodes\Actor.h">
      <Filter>Header Files\Nodes</Filter>
    </ClInclude>
    <ClInclude Include="header\BallEngine\Nodes\Cursors.h">
      <Filter>Header Files\Nodes</Filter>
    </ClInclude>
    <ClInclude Include="header\BallEngine\Nodes\Nodes.h">
      <Filter>Header Files\Nodes</Filter>
    </ClInclude>
    <ClInclude Include="header\BallEngine\Nodes\TileMap.h">
      <Filter>Header Files\Nodes</Filter>
    </ClInclude>
    <ClInclude Include="header\BallEngine\Elements\CollisionPhysics.h">
      <Filter>Header Files\Elements</Filter>
    </ClInclude>
    <ClInclude Include="header\BallEngine\Elements\Elements.h">
      <Filter>Header Files\Elements</Filter>
    </ClInclude>
    <ClInclude Include="header\BallEngine\Components\BasicComponents.h">
      <Filter>Header Files\Components</Filter>
    </ClInclude>
    <ClInclude Include="header\BallEngine\DataStructures\DataStructures.h">
      <Filter>Header Files\DataStructs</Filter>
    </ClInclude>
    <ClInclude Include="header\BallEngine\DataStructures\ControlJournal.h">
      <Filter>Header Files\DataStructs</Filter>
    </ClInclude>
    <ClInclude Include="header\BallEngine\Elements\ButtonEntries.h">
      <Filter>Header Files\Elements</Filter>
    </ClInclude>
    <ClInclude Include="header\BallEngine\ShortCuts.h">
      <Filter>Header Files</Filter>
    </ClInclude>
    <ClInclude Include="header\BallEngine\Elements\Func.h">
      <Filter>Header Files\Elements</Filter>
    </ClInclude>
    <ClInclude Include="header\BallEngine\DataStructures\RootMacroPanel.h">
      <Filter>Header Files\DataStructs</Filter>
    </ClInclude>
    <ClInclude Include="header\BallEngine\DataStructures\ResourceRepositiory.h">
      <Filter>Header Files\DataStructs</Filter>
    </ClInclude>
  </ItemGroup>
</Project>