
Microsoft Visual Studio Solution File, Format Version 12.00
# Visual Studio Version 17
VisualStudioVersion = 17.10.35122.118
MinimumVisualStudioVersion = 10.0.40219.1
Project("{8BC9CEB8-8B4A-11D0-8D11-00A0C91BC942}") = "BallEngine", "BallEngine\BallEngine.vcxproj", "{EC4B697A-13FF-480C-ADD1-C6919EC58A2E}"
EndProject
Global
	GlobalSection(SolutionConfigurationPlatforms) = preSolution
		Debug|x64 = Debug|x64
		Debug|x86 = Debug|x86
		Release|x64 = Release|x64
		Release|x86 = Release|x86
	EndGlobalSection
	GlobalSection(ProjectConfigurationPlatforms) = postSolution
		{EC4B697A-13FF-480C-ADD1-C6919EC58A2E}.Debug|x64.ActiveCfg = Debug|x64
		{EC4B697A-13FF-480C-ADD1-C6919EC58A2E}.Debug|x64.Build.0 = Debug|x64
		{EC4B697A-13FF-480C-ADD1-C6919EC58A2E}.Debug|x86.ActiveCfg = Debug|Win32
		{EC4B697A-13FF-480C-ADD1-C6919EC58A2E}.Debug|x86.Build.0 = Debug|Win32
		{EC4B697A-13FF-480C-ADD1-C6919EC58A2E}.Release|x64.ActiveCfg = Release|x64
		{EC4B697A-13FF-480C-ADD1-C6919EC58A2E}.Release|x64.Build.0 = Release|x64
		{EC4B697A-13FF-480C-ADD1-C6919EC58A2E}.Release|x86.ActiveCfg = Release|Win32
		{EC4B697A-13FF-480C-ADD1-C6919EC58A2E}.Release|x86.Build.0 = Release|Win32
	EndGlobalSection
	GlobalSection(SolutionProperties) = preSolution
		HideSolutionNode = FALSE
	EndGlobalSection
	GlobalSection(ExtensibilityGlobals) = postSolution
		SolutionGuid = {ED6935EE-8609-4E57-A729-15D7A46ECB1C}
	EndGlobalSection
EndGlobal
